
Microsoft Visual Studio Solution File, Format Version 12.00
# Visual Studio 14
VisualStudioVersion = 14.0.25420.1
MinimumVisualStudioVersion = 10.0.40219.1
Project("{FAE04EC0-301F-11D3-BF4B-00C04F79EFBC}") = "AppWindowCluster", "WindowsFormsApplication1\AppWindowCluster.csproj", "{E3CAA9DE-68F6-4998-B011-E3DF5BFDC375}"
EndProject
Project("{FAE04EC0-301F-11D3-BF4B-00C04F79EFBC}") = "Clustering", "Clustering1\Clustering.csproj", "{94BD6271-CF5A-406F-8262-09C042138E92}"
EndProject
Global
	GlobalSection(SolutionConfigurationPlatforms) = preSolution
		Debug|Any CPU = Debug|Any CPU
		Release|Any CPU = Release|Any CPU
	EndGlobalSection
	GlobalSection(ProjectConfigurationPlatforms) = postSolution
		{E3CAA9DE-68F6-4998-B011-E3DF5BFDC375}.Debug|Any CPU.ActiveCfg = Debug|Any CPU
		{E3CAA9DE-68F6-4998-B011-E3DF5BFDC375}.Debug|Any CPU.Build.0 = Debug|Any CPU
		{E3CAA9DE-68F6-4998-B011-E3DF5BFDC375}.Release|Any CPU.ActiveCfg = Release|Any CPU
		{E3CAA9DE-68F6-4998-B011-E3DF5BFDC375}.Release|Any CPU.Build.0 = Release|Any CPU
		{94BD6271-CF5A-406F-8262-09C042138E92}.Debug|Any CPU.ActiveCfg = Debug|Any CPU
		{94BD6271-CF5A-406F-8262-09C042138E92}.Debug|Any CPU.Build.0 = Debug|Any CPU
		{94BD6271-CF5A-406F-8262-09C042138E92}.Release|Any CPU.ActiveCfg = Release|Any CPU
		{94BD6271-CF5A-406F-8262-09C042138E92}.Release|Any CPU.Build.0 = Release|Any CPU
	EndGlobalSection
	GlobalSection(SolutionProperties) = preSolution
		HideSolutionNode = FALSE
	EndGlobalSection
EndGlobal
